<?xml version="1.0" encoding="utf-8"?>
<Project ToolsVersion="4.0" xmlns="http://schemas.microsoft.com/developer/msbuild/2003">
  <ItemGroup>
    <Filter Include="Source Files">
      <UniqueIdentifier>{4FC737F1-C7A5-4376-A066-2A32D752A2FF}</UniqueIdentifier>
      <Extensions>cpp;c;cc;cxx;def;odl;idl;hpj;bat;asm;asmx</Extensions>
    </Filter>
    <Filter Include="Source Files\Engine">
      <UniqueIdentifier>{ccdbdf11-c381-4f92-bf67-ba05fce45ca0}</UniqueIdentifier>
    </Filter>
    <Filter Include="Source Files\Engine\Public">
      <UniqueIdentifier>{75c2830e-ea9b-4f39-a9f0-30582628d811}</UniqueIdentifier>
    </Filter>
    <Filter Include="Source Files\Game">
      <UniqueIdentifier>{3f73a39c-59f6-4cb6-a0b8-d251275c643c}</UniqueIdentifier>
    </Filter>
    <Filter Include="Source Files\Game\Public">
      <UniqueIdentifier>{6dcd4022-feb1-45d9-a4a5-3b9cee46ecd8}</UniqueIdentifier>
    </Filter>
    <Filter Include="Source Files\Game\Private">
      <UniqueIdentifier>{9e4c503e-26a9-484b-be5c-d94f35576fc3}</UniqueIdentifier>
    </Filter>
    <Filter Include="Source Files\Game\Private\Components">
      <UniqueIdentifier>{c06b34e2-db42-44ff-a990-42d4c6d96236}</UniqueIdentifier>
    </Filter>
    <Filter Include="Source Files\Game\Public\Components">
      <UniqueIdentifier>{1060860b-e062-45d3-99a3-48ffb7ca7308}</UniqueIdentifier>
    </Filter>
    <Filter Include="Source Files\Game\Public\Colliders">
      <UniqueIdentifier>{6a00d2d7-aed4-4652-b8c0-d127d6ac4391}</UniqueIdentifier>
    </Filter>
    <Filter Include="Source Files\Game\Private\Colliders">
      <UniqueIdentifier>{cb03276e-9874-41c5-940c-62d1ed04b00a}</UniqueIdentifier>
    </Filter>
  </ItemGroup>
  <ItemGroup>
    <ClInclude Include="Engine\Public\EngineInterface.h">
      <Filter>Source Files\Engine\Public</Filter>
    </ClInclude>
    <ClInclude Include="Engine\Public\EngineTypes.h">
      <Filter>Source Files\Engine\Public</Filter>
    </ClInclude>
    <ClInclude Include="Game\Public\GameInterface.h">
      <Filter>Source Files\Game\Public</Filter>
    </ClInclude>
    <ClInclude Include="Engine\Public\SDL.h">
      <Filter>Source Files\Engine\Public</Filter>
    </ClInclude>
    <ClInclude Include="GameObject.h">
      <Filter>Source Files\Game\Public</Filter>
    </ClInclude>
    <ClInclude Include="Box.h">
      <Filter>Source Files\Game\Public</Filter>
    </ClInclude>
    <ClInclude Include="PhysicsManager.h">
      <Filter>Source Files\Game\Public</Filter>
    </ClInclude>
    <ClInclude Include="Transform.h">
      <Filter>Source Files\Game\Public</Filter>
    </ClInclude>
    <ClInclude Include="RenderManager.h">
      <Filter>Source Files\Game\Public</Filter>
    </ClInclude>
    <ClInclude Include="PhysicsComponent.h">
      <Filter>Source Files\Game\Public\Components</Filter>
    </ClInclude>
    <ClInclude Include="Component.h">
      <Filter>Source Files\Game\Public\Components</Filter>
    </ClInclude>
    <ClInclude Include="RenderComponent.h">
      <Filter>Source Files\Game\Public\Components</Filter>
    </ClInclude>
    <ClInclude Include="BoxCollider.h">
      <Filter>Source Files\Game\Public\Colliders</Filter>
    </ClInclude>
    <ClInclude Include="CircleCollider.h">
      <Filter>Source Files\Game\Public\Colliders</Filter>
    </ClInclude>
    <ClInclude Include="Colliders.h">
      <Filter>Source Files\Game\Public\Colliders</Filter>
    </ClInclude>
    <ClInclude Include="PaddleLeft.h">
      <Filter>Source Files\Game\Public\Components</Filter>
    </ClInclude>
    <ClInclude Include="Game\Private\Game.h">
      <Filter>Source Files\Game\Public</Filter>
    </ClInclude>
    <ClInclude Include="PaddleRight.h">
      <Filter>Source Files\Game\Public\Components</Filter>
    </ClInclude>
    <ClInclude Include="TopBlockerComponent.h">
      <Filter>Source Files\Game\Public\Components</Filter>
    </ClInclude>
    <ClInclude Include="BottomBlockerComponent.h">
      <Filter>Source Files\Game\Public\Components</Filter>
    </ClInclude>
    <ClInclude Include="BallComponent.h">
      <Filter>Source Files\Game\Public\Components</Filter>
    </ClInclude>
  </ItemGroup>
  <ItemGroup>
    <ClCompile Include="Game\Private\Main.cpp">
      <Filter>Source Files\Game\Private</Filter>
    </ClCompile>
    <ClCompile Include="GameObject.cpp">
      <Filter>Source Files\Game\Private</Filter>
    </ClCompile>
    <ClCompile Include="PhysicsManager.cpp">
      <Filter>Source Files\Game\Private</Filter>
    </ClCompile>
    <ClCompile Include="Transform.cpp">
      <Filter>Source Files\Game\Private</Filter>
    </ClCompile>
    <ClCompile Include="Box.cpp">
      <Filter>Source Files\Game\Private</Filter>
    </ClCompile>
    <ClCompile Include="RenderManager.cpp">
      <Filter>Source Files\Game\Private</Filter>
    </ClCompile>
    <ClCompile Include="Component.cpp">
      <Filter>Source Files\Game\Private\Components</Filter>
    </ClCompile>
    <ClCompile Include="PhysicsComponent.cpp">
      <Filter>Source Files\Game\Private\Components</Filter>
    </ClCompile>
    <ClCompile Include="RenderComponent.cpp">
      <Filter>Source Files\Game\Private\Components</Filter>
    </ClCompile>
    <ClCompile Include="Colliders.cpp">
      <Filter>Source Files\Game\Private\Colliders</Filter>
    </ClCompile>
    <ClCompile Include="BoxCollider.cpp">
      <Filter>Source Files\Game\Private\Colliders</Filter>
    </ClCompile>
    <ClCompile Include="CircleCollider.cpp">
      <Filter>Source Files\Game\Private\Colliders</Filter>
    </ClCompile>
    <ClCompile Include="PaddleLeft.cpp">
      <Filter>Source Files\Game\Private\Components</Filter>
    </ClCompile>
    <ClCompile Include="Game\Private\Game.cpp">
      <Filter>Source Files\Game\Private</Filter>
    </ClCompile>
    <ClCompile Include="PaddleRight.cpp">
      <Filter>Source Files\Game\Private\Components</Filter>
    </ClCompile>
    <ClCompile Include="TopBlockerComponent.cpp">
      <Filter>Source Files\Game\Private\Components</Filter>
    </ClCompile>
    <ClCompile Include="BottomBlockerComponent.cpp">
      <Filter>Source Files\Game\Private\Components</Filter>
    </ClCompile>
    <ClCompile Include="BallComponent.cpp">
      <Filter>Source Files\Game\Private\Components</Filter>
    </ClCompile>
  </ItemGroup>
</Project>